// !$*UTF8*$!
{
	archiveVersion = 1;
	classes = {
	};
	objectVersion = 46;
	objects = {

/* Begin PBXBuildFile section */
		42BAE6B0141CE07F005F8432 /* UIKit.framework in Frameworks */ = {isa = PBXBuildFile; fileRef = 42BAE6AF141CE07F005F8432 /* UIKit.framework */; };
		42BAE6B2141CE07F005F8432 /* Foundation.framework in Frameworks */ = {isa = PBXBuildFile; fileRef = 42BAE6B1141CE07F005F8432 /* Foundation.framework */; };
		42BAE6B4141CE07F005F8432 /* CoreGraphics.framework in Frameworks */ = {isa = PBXBuildFile; fileRef = 42BAE6B3141CE07F005F8432 /* CoreGraphics.framework */; };
		42BAE6BA141CE07F005F8432 /* InfoPlist.strings in Resources */ = {isa = PBXBuildFile; fileRef = 42BAE6B8141CE07F005F8432 /* InfoPlist.strings */; };
		42BAE6BD141CE07F005F8432 /* main.m in Sources */ = {isa = PBXBuildFile; fileRef = 42BAE6BC141CE07F005F8432 /* main.m */; };
		42BAE6C0141CE07F005F8432 /* ios_demoAppDelegate.m in Sources */ = {isa = PBXBuildFile; fileRef = 42BAE6BF141CE07F005F8432 /* ios_demoAppDelegate.m */; };
		42BAE6C4141CE07F005F8432 /* ios_demoAppDelegate_iPhone.m in Sources */ = {isa = PBXBuildFile; fileRef = 42BAE6C3141CE07F005F8432 /* ios_demoAppDelegate_iPhone.m */; };
		42BAE6C7141CE07F005F8432 /* MainWindow_iPhone.xib in Resources */ = {isa = PBXBuildFile; fileRef = 42BAE6C5141CE07F005F8432 /* MainWindow_iPhone.xib */; };
		42BAE6CB141CE07F005F8432 /* ios_demoAppDelegate_iPad.m in Sources */ = {isa = PBXBuildFile; fileRef = 42BAE6CA141CE07F005F8432 /* ios_demoAppDelegate_iPad.m */; };
		42BAE6CE141CE07F005F8432 /* MainWindow_iPad.xib in Resources */ = {isa = PBXBuildFile; fileRef = 42BAE6CC141CE07F005F8432 /* MainWindow_iPad.xib */; };
		42BAE6DA141CE0CA005F8432 /* UIKit.framework in Frameworks */ = {isa = PBXBuildFile; fileRef = 42BAE6AF141CE07F005F8432 /* UIKit.framework */; };
		42BAE6DB141CE0CA005F8432 /* Foundation.framework in Frameworks */ = {isa = PBXBuildFile; fileRef = 42BAE6B1141CE07F005F8432 /* Foundation.framework */; };
		42BAE6DC141CE0CA005F8432 /* CoreGraphics.framework in Frameworks */ = {isa = PBXBuildFile; fileRef = 42BAE6B3141CE07F005F8432 /* CoreGraphics.framework */; };
		42BAE6E2141CE0CA005F8432 /* InfoPlist.strings in Resources */ = {isa = PBXBuildFile; fileRef = 42BAE6E0141CE0CA005F8432 /* InfoPlist.strings */; };
		42BAE6E5141CE0CA005F8432 /* main.m in Sources */ = {isa = PBXBuildFile; fileRef = 42BAE6E4141CE0CA005F8432 /* main.m */; };
		42BAE6FE141CF1F4005F8432 /* MyTest.m in Sources */ = {isa = PBXBuildFile; fileRef = 42BAE6FD141CF1F4005F8432 /* MyTest.m */; };
		42BAE701141CF299005F8432 /* ExampleTest.m in Sources */ = {isa = PBXBuildFile; fileRef = 42BAE700141CF299005F8432 /* ExampleTest.m */; };
		42BAE704141CF39D005F8432 /* ExampleAsyncTest.m in Sources */ = {isa = PBXBuildFile; fileRef = 42BAE703141CF39D005F8432 /* ExampleAsyncTest.m */; };
		42BAE707141D00AC005F8432 /* runtest.sh in Resources */ = {isa = PBXBuildFile; fileRef = 42BAE706141D00AC005F8432 /* runtest.sh */; };
		42BED0D6141D163500ABA7ED /* GHUnitIOS.framework in Frameworks */ = {isa = PBXBuildFile; fileRef = 42BED0D5141D163500ABA7ED /* GHUnitIOS.framework */; };
		42BED0D6141D163500ABA7EF /* NSArrayTest.m in Sources */ = {isa = PBXBuildFile; fileRef = 42BED0D6141D163500ABA7EE /* NSArrayTest.m */; };
		42BED0D6141D163500ABA7F1 /* NSDictionaryTest.m in Sources */ = {isa = PBXBuildFile; fileRef = 42BED0D6141D163500ABA7F0 /* NSDictionaryTest.m */; };
		42BED0D6141D163500ABA7F3 /* NSExceptionTest.m in Sources */ = {isa = PBXBuildFile; fileRef = 42BED0D6141D163500ABA7F2 /* NSExceptionTest.m */; };
		42BED0D6141D163500ABA7F5 /* NSLogTest.m in Sources */ = {isa = PBXBuildFile; fileRef = 42BED0D6141D163500ABA7F4 /* NSLogTest.m */; };
		42BED0D6141D163500ABA7F7 /* NSStringTest.m in Sources */ = {isa = PBXBuildFile; fileRef = 42BED0D6141D163500ABA7F6 /* NSStringTest.m */; };
		42BED0D6141D163500ABA7F9 /* NSUnitTest.m in Sources */ = {isa = PBXBuildFile; fileRef = 42BED0D6141D163500ABA7F8 /* NSUnitTest.m */; };
		42BED0D6141D163500ABA7FB /* NSSelectorTest.m in Sources */ = {isa = PBXBuildFile; fileRef = 42BED0D6141D163500ABA7FA /* NSSelectorTest.m */; };
		42BED0D6141D163500ABA7FD /* NSObjectTest.m in Sources */ = {isa = PBXBuildFile; fileRef = 42BED0D6141D163500ABA7FC /* NSObjectTest.m */; };
		42BED0D6141D163500ABA7FF /* NSThreadTest.m in Sources */ = {isa = PBXBuildFile; fileRef = 42BED0D6141D163500ABA7FE /* NSThreadTest.m */; };
		42BED0D6141D163500ABA801 /* NSTimerTest.m in Sources */ = {isa = PBXBuildFile; fileRef = 42BED0D6141D163500ABA800 /* NSTimerTest.m */; };
		42BED0D6141D163500ABA803 /* NSPathTest.m in Sources */ = {isa = PBXBuildFile; fileRef = 42BED0D6141D163500ABA802 /* NSPathTest.m */; };
/* End PBXBuildFile section */

/* Begin PBXFileReference section */
		42BAE6AB141CE07F005F8432 /* ios-demo.app */ = {isa = PBXFileReference; explicitFileType = wrapper.application; includeInIndex = 0; path = "ios-demo.app"; sourceTree = BUILT_PRODUCTS_DIR; };
		42BAE6AF141CE07F005F8432 /* UIKit.framework */ = {isa = PBXFileReference; lastKnownFileType = wrapper.framework; name = UIKit.framework; path = System/Library/Frameworks/UIKit.framework; sourceTree = SDKROOT; };
		42BAE6B1141CE07F005F8432 /* Foundation.framework */ = {isa = PBXFileReference; lastKnownFileType = wrapper.framework; name = Foundation.framework; path = System/Library/Frameworks/Foundation.framework; sourceTree = SDKROOT; };
		42BAE6B3141CE07F005F8432 /* CoreGraphics.framework */ = {isa = PBXFileReference; lastKnownFileType = wrapper.framework; name = CoreGraphics.framework; path = System/Library/Frameworks/CoreGraphics.framework; sourceTree = SDKROOT; };
		42BAE6B7141CE07F005F8432 /* ios-demo-Info.plist */ = {isa = PBXFileReference; lastKnownFileType = text.plist.xml; path = "ios-demo-Info.plist"; sourceTree = "<group>"; };
		42BAE6B9141CE07F005F8432 /* en */ = {isa = PBXFileReference; lastKnownFileType = text.plist.strings; name = en; path = en.lproj/InfoPlist.strings; sourceTree = "<group>"; };
		42BAE6BB141CE07F005F8432 /* ios-demo-Prefix.pch */ = {isa = PBXFileReference; lastKnownFileType = sourcecode.c.h; path = "ios-demo-Prefix.pch"; sourceTree = "<group>"; };
		42BAE6BC141CE07F005F8432 /* main.m */ = {isa = PBXFileReference; lastKnownFileType = sourcecode.c.objc; path = main.m; sourceTree = "<group>"; };
		42BAE6BE141CE07F005F8432 /* ios_demoAppDelegate.h */ = {isa = PBXFileReference; lastKnownFileType = sourcecode.c.h; path = ios_demoAppDelegate.h; sourceTree = "<group>"; };
		42BAE6BF141CE07F005F8432 /* ios_demoAppDelegate.m */ = {isa = PBXFileReference; lastKnownFileType = sourcecode.c.objc; path = ios_demoAppDelegate.m; sourceTree = "<group>"; };
		42BAE6C2141CE07F005F8432 /* ios_demoAppDelegate_iPhone.h */ = {isa = PBXFileReference; lastKnownFileType = sourcecode.c.h; name = ios_demoAppDelegate_iPhone.h; path = iPhone/ios_demoAppDelegate_iPhone.h; sourceTree = "<group>"; };
		42BAE6C3141CE07F005F8432 /* ios_demoAppDelegate_iPhone.m */ = {isa = PBXFileReference; lastKnownFileType = sourcecode.c.objc; name = ios_demoAppDelegate_iPhone.m; path = iPhone/ios_demoAppDelegate_iPhone.m; sourceTree = "<group>"; };
		42BAE6C6141CE07F005F8432 /* en */ = {isa = PBXFileReference; lastKnownFileType = file.xib; name = en; path = iPhone/en.lproj/MainWindow_iPhone.xib; sourceTree = "<group>"; };
		42BAE6C9141CE07F005F8432 /* ios_demoAppDelegate_iPad.h */ = {isa = PBXFileReference; lastKnownFileType = sourcecode.c.h; name = ios_demoAppDelegate_iPad.h; path = iPad/ios_demoAppDelegate_iPad.h; sourceTree = "<group>"; };
		42BAE6CA141CE07F005F8432 /* ios_demoAppDelegate_iPad.m */ = {isa = PBXFileReference; lastKnownFileType = sourcecode.c.objc; name = ios_demoAppDelegate_iPad.m; path = iPad/ios_demoAppDelegate_iPad.m; sourceTree = "<group>"; };
		42BAE6CD141CE07F005F8432 /* en */ = {isa = PBXFileReference; lastKnownFileType = file.xib; name = en; path = iPad/en.lproj/MainWindow_iPad.xib; sourceTree = "<group>"; };
		42BAE6D8141CE0CA005F8432 /* ios-demo-test.app */ = {isa = PBXFileReference; explicitFileType = wrapper.application; includeInIndex = 0; path = "ios-demo-test.app"; sourceTree = BUILT_PRODUCTS_DIR; };
		42BAE6DF141CE0CA005F8432 /* ios-demo-test-Info.plist */ = {isa = PBXFileReference; lastKnownFileType = text.plist.xml; path = "ios-demo-test-Info.plist"; sourceTree = "<group>"; };
		42BAE6E1141CE0CA005F8432 /* en */ = {isa = PBXFileReference; lastKnownFileType = text.plist.strings; name = en; path = en.lproj/InfoPlist.strings; sourceTree = "<group>"; };
		42BAE6E3141CE0CA005F8432 /* ios-demo-test-Prefix.pch */ = {isa = PBXFileReference; lastKnownFileType = sourcecode.c.h; path = "ios-demo-test-Prefix.pch"; sourceTree = "<group>"; };
		42BAE6E4141CE0CA005F8432 /* main.m */ = {isa = PBXFileReference; lastKnownFileType = sourcecode.c.objc; path = main.m; sourceTree = "<group>"; };
		42BAE6FD141CF1F4005F8432 /* MyTest.m */ = {isa = PBXFileReference; fileEncoding = 4; lastKnownFileType = sourcecode.c.objc; path = MyTest.m; sourceTree = "<group>"; };
		42BAE700141CF299005F8432 /* ExampleTest.m */ = {isa = PBXFileReference; fileEncoding = 4; lastKnownFileType = sourcecode.c.objc; path = ExampleTest.m; sourceTree = "<group>"; };
		42BAE703141CF39D005F8432 /* ExampleAsyncTest.m */ = {isa = PBXFileReference; fileEncoding = 4; lastKnownFileType = sourcecode.c.objc; path = ExampleAsyncTest.m; sourceTree = "<group>"; };
		42BAE706141D00AC005F8432 /* runtest.sh */ = {isa = PBXFileReference; fileEncoding = 4; lastKnownFileType = text.script.sh; path = runtest.sh; sourceTree = "<group>"; };
		42BAE708141D00CD005F8432 /* Makefile */ = {isa = PBXFileReference; lastKnownFileType = sourcecode.make; path = Makefile; sourceTree = "<group>"; };
		42BED0D5141D163500ABA7ED /* GHUnitIOS.framework */ = {isa = PBXFileReference; lastKnownFileType = wrapper.framework; path = GHUnitIOS.framework; sourceTree = "<group>"; };
		42BED0D6141D163500ABA7EE /* NSArrayTest.m */ = {isa = PBXFileReference; lastKnownFileType = sourcecode.c.objc; path = NSArrayTest.m; sourceTree = "<group>"; };
		42BED0D6141D163500ABA7F0 /* NSDictionaryTest.m */ = {isa = PBXFileReference; lastKnownFileType = sourcecode.c.objc; path = NSDictionaryTest.m; sourceTree = "<group>"; };
		42BED0D6141D163500ABA7F2 /* NSExceptionTest.m */ = {isa = PBXFileReference; lastKnownFileType = sourcecode.c.objc; path = NSExceptionTest.m; sourceTree = "<group>"; };
		42BED0D6141D163500ABA7F4 /* NSLogTest.m */ = {isa = PBXFileReference; lastKnownFileType = sourcecode.c.objc; path = NSLogTest.m; sourceTree = "<group>"; };
		42BED0D6141D163500ABA7F6 /* NSStringTest.m */ = {isa = PBXFileReference; lastKnownFileType = sourcecode.c.objc; path = NSStringTest.m; sourceTree = "<group>"; };
		42BED0D6141D163500ABA7F8 /* NSUnitTest.m */ = {isa = PBXFileReference; lastKnownFileType = sourcecode.c.objc; path = NSUnitTest.m; sourceTree = "<group>"; };
		42BED0D6141D163500ABA7FA /* NSSelectorTest.m */ = {isa = PBXFileReference; lastKnownFileType = sourcecode.c.objc; path = NSSelectorTest.m; sourceTree = "<group>"; };
		42BED0D6141D163500ABA7FC /* NSObjectTest.m */ = {isa = PBXFileReference; lastKnownFileType = sourcecode.c.objc; path = NSObjectTest.m; sourceTree = "<group>"; };
		42BED0D6141D163500ABA7FE /* NSThreadTest.m */ = {isa = PBXFileReference; lastKnownFileType = sourcecode.c.objc; path = NSThreadTest.m; sourceTree = "<group>"; };
		42BED0D6141D163500ABA800 /* NSTimerTest.m */ = {isa = PBXFileReference; lastKnownFileType = sourcecode.c.objc; path = NSTimerTest.m; sourceTree = "<group>"; };
		42BED0D6141D163500ABA802 /* NSPathTest.m */ = {isa = PBXFileReference; lastKnownFileType = sourcecode.c.objc; path = NSPathTest.m; sourceTree = "<group>"; };
/* End PBXFileReference section */

/* Begin PBXFrameworksBuildPhase section */
		42BAE6A8141CE07F005F8432 /* Frameworks */ = {
			isa = PBXFrameworksBuildPhase;
			buildActionMask = 2147483647;
			files = (
				42BAE6B0141CE07F005F8432 /* UIKit.framework in Frameworks */,
				42BAE6B2141CE07F005F8432 /* Foundation.framework in Frameworks */,
				42BAE6B4141CE07F005F8432 /* CoreGraphics.framework in Frameworks */,
			);
			runOnlyForDeploymentPostprocessing = 0;
		};
		42BAE6D5141CE0CA005F8432 /* Frameworks */ = {
			isa = PBXFrameworksBuildPhase;
			buildActionMask = 2147483647;
			files = (
				42BAE6DA141CE0CA005F8432 /* UIKit.framework in Frameworks */,
				42BAE6DB141CE0CA005F8432 /* Foundation.framework in Frameworks */,
				42BAE6DC141CE0CA005F8432 /* CoreGraphics.framework in Frameworks */,
				42BED0D6141D163500ABA7ED /* GHUnitIOS.framework in Frameworks */,
			);
			runOnlyForDeploymentPostprocessing = 0;
		};
/* End PBXFrameworksBuildPhase section */

/* Begin PBXGroup section */
		42BAE6A0141CE07F005F8432 = {
			isa = PBXGroup;
			children = (
				42BAE708141D00CD005F8432 /* Makefile */,
				42BAE6B5141CE07F005F8432 /* ios-demo */,
				42BAE6DD141CE0CA005F8432 /* ios-demo-test */,
				42BAE6AE141CE07F005F8432 /* Frameworks */,
				42BAE6AC141CE07F005F8432 /* Products */,
			);
			sourceTree = "<group>";
		};
		42BAE6AC141CE07F005F8432 /* Products */ = {
			isa = PBXGroup;
			children = (
				42BAE6AB141CE07F005F8432 /* ios-demo.app */,
				42BAE6D8141CE0CA005F8432 /* ios-demo-test.app */,
			);
			name = Products;
			sourceTree = "<group>";
		};
		42BAE6AE141CE07F005F8432 /* Frameworks */ = {
			isa = PBXGroup;
			children = (
				42BED0D5141D163500ABA7ED /* GHUnitIOS.framework */,
				42BAE6AF141CE07F005F8432 /* UIKit.framework */,
				42BAE6B1141CE07F005F8432 /* Foundation.framework */,
				42BAE6B3141CE07F005F8432 /* CoreGraphics.framework */,
			);
			name = Frameworks;
			sourceTree = "<group>";
		};
		42BAE6B5141CE07F005F8432 /* ios-demo */ = {
			isa = PBXGroup;
			children = (
				42BAE6BE141CE07F005F8432 /* ios_demoAppDelegate.h */,
				42BAE6BF141CE07F005F8432 /* ios_demoAppDelegate.m */,
				42BAE6C1141CE07F005F8432 /* iPhone */,
				42BAE6C8141CE07F005F8432 /* iPad */,
				42BAE6B6141CE07F005F8432 /* Supporting Files */,
			);
			path = "ios-demo";
			sourceTree = "<group>";
		};
		42BAE6B6141CE07F005F8432 /* Supporting Files */ = {
			isa = PBXGroup;
			children = (
				42BAE6B7141CE07F005F8432 /* ios-demo-Info.plist */,
				42BAE6B8141CE07F005F8432 /* InfoPlist.strings */,
				42BAE6BB141CE07F005F8432 /* ios-demo-Prefix.pch */,
				42BAE6BC141CE07F005F8432 /* main.m */,
			);
			name = "Supporting Files";
			sourceTree = "<group>";
		};
		42BAE6C1141CE07F005F8432 /* iPhone */ = {
			isa = PBXGroup;
			children = (
				42BAE6C2141CE07F005F8432 /* ios_demoAppDelegate_iPhone.h */,
				42BAE6C3141CE07F005F8432 /* ios_demoAppDelegate_iPhone.m */,
				42BAE6C5141CE07F005F8432 /* MainWindow_iPhone.xib */,
			);
			name = iPhone;
			sourceTree = "<group>";
		};
		42BAE6C8141CE07F005F8432 /* iPad */ = {
			isa = PBXGroup;
			children = (
				42BAE6C9141CE07F005F8432 /* ios_demoAppDelegate_iPad.h */,
				42BAE6CA141CE07F005F8432 /* ios_demoAppDelegate_iPad.m */,
				42BAE6CC141CE07F005F8432 /* MainWindow_iPad.xib */,
			);
			name = iPad;
			sourceTree = "<group>";
		};
		42BAE6DD141CE0CA005F8432 /* ios-demo-test */ = {
			isa = PBXGroup;
			children = (
				42BED0D6141D163500ABA802 /* NSPathTest.m */,
				42BED0D6141D163500ABA800 /* NSTimerTest.m */,
				42BED0D6141D163500ABA7FE /* NSThreadTest.m */,
				42BED0D6141D163500ABA7FC /* NSObjectTest.m */,
				42BED0D6141D163500ABA7FA /* NSSelectorTest.m */,
				42BED0D6141D163500ABA7F8 /* NSUnitTest.m */,
				42BED0D6141D163500ABA7F6 /* NSStringTest.m */,
				42BED0D6141D163500ABA7F4 /* NSLogTest.m */,
				42BED0D6141D163500ABA7F2 /* NSExceptionTest.m */,
				42BED0D6141D163500ABA7F0 /* NSDictionaryTest.m */,
				42BED0D6141D163500ABA7EE /* NSArrayTest.m */,
				42BAE706141D00AC005F8432 /* runtest.sh */,
				42BAE6DE141CE0CA005F8432 /* Supporting Files */,
				42BAE6FD141CF1F4005F8432 /* MyTest.m */,
				42BAE700141CF299005F8432 /* ExampleTest.m */,
				42BAE703141CF39D005F8432 /* ExampleAsyncTest.m */,
			);
			path = "ios-demo-test";
			sourceTree = "<group>";
		};
		42BAE6DE141CE0CA005F8432 /* Supporting Files */ = {
			isa = PBXGroup;
			children = (
				42BAE6DF141CE0CA005F8432 /* ios-demo-test-Info.plist */,
				42BAE6E0141CE0CA005F8432 /* InfoPlist.strings */,
				42BAE6E3141CE0CA005F8432 /* ios-demo-test-Prefix.pch */,
				42BAE6E4141CE0CA005F8432 /* main.m */,
			);
			name = "Supporting Files";
			sourceTree = "<group>";
		};
/* End PBXGroup section */

/* Begin PBXNativeTarget section */
		42BAE6AA141CE07F005F8432 /* ios-demo */ = {
			isa = PBXNativeTarget;
			buildConfigurationList = 42BAE6D1141CE07F005F8432 /* Build configuration list for PBXNativeTarget "ios-demo" */;
			buildPhases = (
				42BAE6A7141CE07F005F8432 /* Sources */,
				42BAE6A8141CE07F005F8432 /* Frameworks */,
				42BAE6A9141CE07F005F8432 /* Resources */,
			);
			buildRules = (
			);
			dependencies = (
			);
			name = "ios-demo";
			productName = "ios-demo";
			productReference = 42BAE6AB141CE07F005F8432 /* ios-demo.app */;
			productType = "com.apple.product-type.application";
		};
		42BAE6D7141CE0CA005F8432 /* ios-demo-test */ = {
			isa = PBXNativeTarget;
			buildConfigurationList = 42BAE6F7141CE0CA005F8432 /* Build configuration list for PBXNativeTarget "ios-demo-test" */;
			buildPhases = (
				42BAE6D4141CE0CA005F8432 /* Sources */,
				42BAE6D5141CE0CA005F8432 /* Frameworks */,
				42BAE6D6141CE0CA005F8432 /* Resources */,
				42BAE705141CFFCE005F8432 /* ShellScript */,
			);
			buildRules = (
			);
			dependencies = (
			);
			name = "ios-demo-test";
			productName = "ios-demo-test";
			productReference = 42BAE6D8141CE0CA005F8432 /* ios-demo-test.app */;
			productType = "com.apple.product-type.application";
		};
/* End PBXNativeTarget section */

/* Begin PBXProject section */
		42BAE6A2141CE07F005F8432 /* Project object */ = {
			isa = PBXProject;
			buildConfigurationList = 42BAE6A5141CE07F005F8432 /* Build configuration list for PBXProject "ios-demo" */;
			compatibilityVersion = "Xcode 3.2";
			developmentRegion = English;
			hasScannedForEncodings = 0;
			knownRegions = (
				en,
			);
			mainGroup = 42BAE6A0141CE07F005F8432;
			productRefGroup = 42BAE6AC141CE07F005F8432 /* Products */;
			projectDirPath = "";
			projectRoot = "";
			targets = (
				42BAE6AA141CE07F005F8432 /* ios-demo */,
				42BAE6D7141CE0CA005F8432 /* ios-demo-test */,
			);
		};
/* End PBXProject section */

/* Begin PBXResourcesBuildPhase section */
		42BAE6A9141CE07F005F8432 /* Resources */ = {
			isa = PBXResourcesBuildPhase;
			buildActionMask = 2147483647;
			files = (
				42BAE6BA141CE07F005F8432 /* InfoPlist.strings in Resources */,
				42BAE6C7141CE07F005F8432 /* MainWindow_iPhone.xib in Resources */,
				42BAE6CE141CE07F005F8432 /* MainWindow_iPad.xib in Resources */,
			);
			runOnlyForDeploymentPostprocessing = 0;
		};
		42BAE6D6141CE0CA005F8432 /* Resources */ = {
			isa = PBXResourcesBuildPhase;
			buildActionMask = 2147483647;
			files = (
				42BAE6E2141CE0CA005F8432 /* InfoPlist.strings in Resources */,
				42BAE707141D00AC005F8432 /* runtest.sh in Resources */,
			);
			runOnlyForDeploymentPostprocessing = 0;
		};
/* End PBXResourcesBuildPhase section */

/* Begin PBXShellScriptBuildPhase section */
		42BAE705141CFFCE005F8432 /* ShellScript */ = {
			isa = PBXShellScriptBuildPhase;
			buildActionMask = 2147483647;
			files = (
			);
			inputPaths = (
			);
			outputPaths = (
			);
			runOnlyForDeploymentPostprocessing = 0;
			shellPath = /bin/sh;
			shellScript = "sh ios-demo-test/runtest.sh";
			showEnvVarsInLog = 0;
		};
/* End PBXShellScriptBuildPhase section */

/* Begin PBXSourcesBuildPhase section */
		42BAE6A7141CE07F005F8432 /* Sources */ = {
			isa = PBXSourcesBuildPhase;
			buildActionMask = 2147483647;
			files = (
				42BAE6BD141CE07F005F8432 /* main.m in Sources */,
				42BAE6C0141CE07F005F8432 /* ios_demoAppDelegate.m in Sources */,
				42BAE6C4141CE07F005F8432 /* ios_demoAppDelegate_iPhone.m in Sources */,
				42BAE6CB141CE07F005F8432 /* ios_demoAppDelegate_iPad.m in Sources */,
			);
			runOnlyForDeploymentPostprocessing = 0;
		};
		42BAE6D4141CE0CA005F8432 /* Sources */ = {
			isa = PBXSourcesBuildPhase;
			buildActionMask = 2147483647;
			files = (
				42BAE6E5141CE0CA005F8432 /* main.m in Sources */,
				42BAE6FE141CF1F4005F8432 /* MyTest.m in Sources */,
				42BAE701141CF299005F8432 /* ExampleTest.m in Sources */,
				42BAE704141CF39D005F8432 /* ExampleAsyncTest.m in Sources */,
				42BED0D6141D163500ABA7EF /* NSArrayTest.m in Sources */,
				42BED0D6141D163500ABA7F1 /* NSDictionaryTest.m in Sources */,
				42BED0D6141D163500ABA7F3 /* NSExceptionTest.m in Sources */,
				42BED0D6141D163500ABA7F5 /* NSLogTest.m in Sources */,
				42BED0D6141D163500ABA7F7 /* NSStringTest.m in Sources */,
				42BED0D6141D163500ABA7F9 /* NSUnitTest.m in Sources */,
				42BED0D6141D163500ABA7FB /* NSSelectorTest.m in Sources */,
				42BED0D6141D163500ABA7FD /* NSObjectTest.m in Sources */,
				42BED0D6141D163500ABA7FF /* NSThreadTest.m in Sources */,
				42BED0D6141D163500ABA801 /* NSTimerTest.m in Sources */,
				42BED0D6141D163500ABA803 /* NSPathTest.m in Sources */,
			);
			runOnlyForDeploymentPostprocessing = 0;
		};
/* End PBXSourcesBuildPhase section */

/* Begin PBXVariantGroup section */
		42BAE6B8141CE07F005F8432 /* InfoPlist.strings */ = {
			isa = PBXVariantGroup;
			children = (
				42BAE6B9141CE07F005F8432 /* en */,
			);
			name = InfoPlist.strings;
			sourceTree = "<group>";
		};
		42BAE6C5141CE07F005F8432 /* MainWindow_iPhone.xib */ = {
			isa = PBXVariantGroup;
			children = (
				42BAE6C6141CE07F005F8432 /* en */,
			);
			name = MainWindow_iPhone.xib;
			sourceTree = "<group>";
		};
		42BAE6CC141CE07F005F8432 /* MainWindow_iPad.xib */ = {
			isa = PBXVariantGroup;
			children = (
				42BAE6CD141CE07F005F8432 /* en */,
			);
			name = MainWindow_iPad.xib;
			sourceTree = "<group>";
		};
		42BAE6E0141CE0CA005F8432 /* InfoPlist.strings */ = {
			isa = PBXVariantGroup;
			children = (
				42BAE6E1141CE0CA005F8432 /* en */,
			);
			name = InfoPlist.strings;
			sourceTree = "<group>";
		};
/* End PBXVariantGroup section */

/* Begin XCBuildConfiguration section */
		42BAE6CF141CE07F005F8432 /* Debug */ = {
			isa = XCBuildConfiguration;
			buildSettings = {
				ARCHS = "$(ARCHS_STANDARD_32_BIT)";
				"CODE_SIGN_IDENTITY[sdk=iphoneos*]" = "iPhone Developer";
				GCC_C_LANGUAGE_STANDARD = gnu99;
				GCC_OPTIMIZATION_LEVEL = 0;
				GCC_PREPROCESSOR_DEFINITIONS = DEBUG;
				GCC_SYMBOLS_PRIVATE_EXTERN = NO;
				GCC_VERSION = com.apple.compilers.llvmgcc42;
				GCC_WARN_ABOUT_RETURN_TYPE = YES;
				GCC_WARN_UNUSED_VARIABLE = YES;
				IPHONEOS_DEPLOYMENT_TARGET = 4.3;
				SDKROOT = iphoneos;
				TARGETED_DEVICE_FAMILY = "1,2";
			};
			name = Debug;
		};
		42BAE6D0141CE07F005F8432 /* Release */ = {
			isa = XCBuildConfiguration;
			buildSettings = {
				ARCHS = "$(ARCHS_STANDARD_32_BIT)";
				"CODE_SIGN_IDENTITY[sdk=iphoneos*]" = "iPhone Developer";
				GCC_C_LANGUAGE_STANDARD = gnu99;
				GCC_VERSION = com.apple.compilers.llvmgcc42;
				GCC_WARN_ABOUT_RETURN_TYPE = YES;
				GCC_WARN_UNUSED_VARIABLE = YES;
				IPHONEOS_DEPLOYMENT_TARGET = 4.3;
				OTHER_CFLAGS = "-DNS_BLOCK_ASSERTIONS=1";
				SDKROOT = iphoneos;
				TARGETED_DEVICE_FAMILY = "1,2";
			};
			name = Release;
		};
		42BAE6D2141CE07F005F8432 /* Debug */ = {
			isa = XCBuildConfiguration;
			buildSettings = {
				ALWAYS_SEARCH_USER_PATHS = NO;
				COPY_PHASE_STRIP = NO;
				GCC_DYNAMIC_NO_PIC = NO;
				GCC_PRECOMPILE_PREFIX_HEADER = YES;
				GCC_PREFIX_HEADER = "ios-demo/ios-demo-Prefix.pch";
				INFOPLIST_FILE = "ios-demo/ios-demo-Info.plist";
				PRODUCT_NAME = "$(TARGET_NAME)";
				WRAPPER_EXTENSION = app;
			};
			name = Debug;
		};
		42BAE6D3141CE07F005F8432 /* Release */ = {
			isa = XCBuildConfiguration;
			buildSettings = {
				ALWAYS_SEARCH_USER_PATHS = NO;
				COPY_PHASE_STRIP = YES;
				GCC_PRECOMPILE_PREFIX_HEADER = YES;
				GCC_PREFIX_HEADER = "ios-demo/ios-demo-Prefix.pch";
				INFOPLIST_FILE = "ios-demo/ios-demo-Info.plist";
				PRODUCT_NAME = "$(TARGET_NAME)";
				VALIDATE_PRODUCT = YES;
				WRAPPER_EXTENSION = app;
			};
			name = Release;
		};
		42BAE6F8141CE0CA005F8432 /* Debug */ = {
			isa = XCBuildConfiguration;
			buildSettings = {
				ALWAYS_SEARCH_USER_PATHS = NO;
				"CODE_SIGN_IDENTITY[sdk=iphoneos*]" = "iPhone Developer";
				COPY_PHASE_STRIP = NO;
				FRAMEWORK_SEARCH_PATHS = (
					"$(inherited)",
					"\"$(SRCROOT)\"",
				);
				GCC_DYNAMIC_NO_PIC = NO;
				GCC_PRECOMPILE_PREFIX_HEADER = YES;
				GCC_PREFIX_HEADER = "ios-demo-test/ios-demo-test-Prefix.pch";
				INFOPLIST_FILE = "ios-demo-test/ios-demo-test-Info.plist";
				OTHER_LDFLAGS = (
					"-ObjC",
					"-all_load",
				);
				PRODUCT_NAME = "$(TARGET_NAME)";
				WRAPPER_EXTENSION = app;
			};
			name = Debug;
		};
		42BAE6F9141CE0CA005F8432 /* Release */ = {
			isa = XCBuildConfiguration;
			buildSettings = {
				ALWAYS_SEARCH_USER_PATHS = NO;
				"CODE_SIGN_IDENTITY[sdk=iphoneos*]" = "iPhone Developer";
				COPY_PHASE_STRIP = YES;
				FRAMEWORK_SEARCH_PATHS = (
					"$(inherited)",
					"\"$(SRCROOT)\"",
				);
				GCC_PRECOMPILE_PREFIX_HEADER = YES;
				GCC_PREFIX_HEADER = "ios-demo-test/ios-demo-test-Prefix.pch";
				INFOPLIST_FILE = "ios-demo-test/ios-demo-test-Info.plist";
				OTHER_LDFLAGS = (
					"-ObjC",
					"-all_load",
				);
				PRODUCT_NAME = "$(TARGET_NAME)";
				VALIDATE_PRODUCT = YES;
				WRAPPER_EXTENSION = app;
			};
			name = Release;
		};
/* End XCBuildConfiguration section */

/* Begin XCConfigurationList section */
		42BAE6A5141CE07F005F8432 /* Build configuration list for PBXProject "ios-demo" */ = {
			isa = XCConfigurationList;
			buildConfigurations = (
				42BAE6CF141CE07F005F8432 /* Debug */,
				42BAE6D0141CE07F005F8432 /* Release */,
			);
			defaultConfigurationIsVisible = 0;
			defaultConfigurationName = Release;
		};
		42BAE6D1141CE07F005F8432 /* Build configuration list for PBXNativeTarget "ios-demo" */ = {
			isa = XCConfigurationList;
			buildConfigurations = (
				42BAE6D2141CE07F005F8432 /* Debug */,
				42BAE6D3141CE07F005F8432 /* Release */,
			);
			defaultConfigurationIsVisible = 0;
			defaultConfigurationName = Release;
		};
		42BAE6F7141CE0CA005F8432 /* Build configuration list for PBXNativeTarget "ios-demo-test" */ = {
			isa = XCConfigurationList;
			buildConfigurations = (
				42BAE6F8141CE0CA005F8432 /* Debug */,
				42BAE6F9141CE0CA005F8432 /* Release */,
			);
			defaultConfigurationIsVisible = 0;
			defaultConfigurationName = Release;
		};
/* End XCConfigurationList section */
	};
	rootObject = 42BAE6A2141CE07F005F8432 /* Project object */;
}
